{
  "nodes": {
    "android-nixpkgs": {
      "inputs": {
        "devshell": "devshell",
        "flake-utils": "flake-utils_3",
        "nixpkgs": [
          "p2p-shipyard",
          "nixpkgs"
        ]
      },
      "locked": {
        "lastModified": 1712088965,
        "narHash": "sha256-Xlcx+pw5jpLjJYhHDAVbXpU+pVlgWOTCqOhqgywvA5Y=",
        "owner": "tadfisher",
        "repo": "android-nixpkgs",
        "rev": "c500d23a40a7db979537655f914cbc1609b14bbd",
        "type": "github"
      },
      "original": {
        "owner": "tadfisher",
        "ref": "stable",
        "repo": "android-nixpkgs",
        "type": "github"
      }
    },
    "cargo-chef": {
      "flake": false,
      "locked": {
        "lastModified": 1695999026,
        "narHash": "sha256-UtLoZd7YBRSF9uXStfC3geEFqSqZXFh1rLHaP8hre0Y=",
        "owner": "LukeMathWalker",
        "repo": "cargo-chef",
        "rev": "6e96ae5cd023b718ae40d608981e50a6e7d7facf",
        "type": "github"
      },
      "original": {
        "owner": "LukeMathWalker",
        "ref": "main",
        "repo": "cargo-chef",
        "type": "github"
      }
    },
    "cargo-chef_2": {
      "flake": false,
      "locked": {
        "lastModified": 1695999026,
        "narHash": "sha256-UtLoZd7YBRSF9uXStfC3geEFqSqZXFh1rLHaP8hre0Y=",
        "owner": "LukeMathWalker",
        "repo": "cargo-chef",
        "rev": "6e96ae5cd023b718ae40d608981e50a6e7d7facf",
        "type": "github"
      },
      "original": {
        "owner": "LukeMathWalker",
        "ref": "main",
        "repo": "cargo-chef",
        "type": "github"
      }
    },
    "cargo-chef_3": {
      "flake": false,
      "locked": {
        "lastModified": 1695999026,
        "narHash": "sha256-UtLoZd7YBRSF9uXStfC3geEFqSqZXFh1rLHaP8hre0Y=",
        "owner": "LukeMathWalker",
        "repo": "cargo-chef",
        "rev": "6e96ae5cd023b718ae40d608981e50a6e7d7facf",
        "type": "github"
      },
      "original": {
        "owner": "LukeMathWalker",
        "ref": "main",
        "repo": "cargo-chef",
        "type": "github"
      }
    },
    "cargo-rdme": {
      "flake": false,
      "locked": {
        "lastModified": 1675118998,
        "narHash": "sha256-lrYWqu3h88fr8gG3Yo5GbFGYaq5/1Os7UtM+Af0Bg4k=",
        "owner": "orium",
        "repo": "cargo-rdme",
        "rev": "f9dbb6bccc078f4869f45ae270a2890ac9a75877",
        "type": "github"
      },
      "original": {
        "owner": "orium",
        "ref": "v1.1.0",
        "repo": "cargo-rdme",
        "type": "github"
      }
    },
    "cargo-rdme_2": {
      "flake": false,
      "locked": {
        "lastModified": 1675118998,
        "narHash": "sha256-lrYWqu3h88fr8gG3Yo5GbFGYaq5/1Os7UtM+Af0Bg4k=",
        "owner": "orium",
        "repo": "cargo-rdme",
        "rev": "f9dbb6bccc078f4869f45ae270a2890ac9a75877",
        "type": "github"
      },
      "original": {
        "owner": "orium",
        "ref": "v1.1.0",
        "repo": "cargo-rdme",
        "type": "github"
      }
    },
    "cargo-rdme_3": {
      "flake": false,
      "locked": {
        "lastModified": 1675118998,
        "narHash": "sha256-lrYWqu3h88fr8gG3Yo5GbFGYaq5/1Os7UtM+Af0Bg4k=",
        "owner": "orium",
        "repo": "cargo-rdme",
        "rev": "f9dbb6bccc078f4869f45ae270a2890ac9a75877",
        "type": "github"
      },
      "original": {
        "owner": "orium",
        "ref": "v1.1.0",
        "repo": "cargo-rdme",
        "type": "github"
      }
    },
    "crane": {
      "inputs": {
        "nixpkgs": [
          "holochain-flake",
          "nixpkgs"
        ]
      },
      "locked": {
        "lastModified": 1707363936,
        "narHash": "sha256-QbqyvGFYt84QNOQLOOTWplZZkzkyDhYrAl/N/9H0vFM=",
        "owner": "ipetkov",
        "repo": "crane",
        "rev": "9107434eda6991e9388ad87b815dafa337446d16",
        "type": "github"
      },
      "original": {
        "owner": "ipetkov",
        "repo": "crane",
        "type": "github"
      }
    },
    "crane_2": {
      "inputs": {
        "nixpkgs": "nixpkgs_2"
      },
      "locked": {
        "lastModified": 1716569590,
        "narHash": "sha256-5eDbq8TuXFGGO3mqJFzhUbt5zHVTf5zilQoyW5jnJwo=",
        "owner": "ipetkov",
        "repo": "crane",
        "rev": "109987da061a1bf452f435f1653c47511587d919",
        "type": "github"
      },
      "original": {
        "owner": "ipetkov",
        "repo": "crane",
        "rev": "109987da061a1bf452f435f1653c47511587d919",
        "type": "github"
      }
    },
    "crane_3": {
      "inputs": {
        "nixpkgs": [
          "p2p-shipyard",
          "hc-infra",
          "holochain",
          "nixpkgs"
        ]
      },
      "locked": {
        "lastModified": 1707363936,
        "narHash": "sha256-QbqyvGFYt84QNOQLOOTWplZZkzkyDhYrAl/N/9H0vFM=",
        "owner": "ipetkov",
        "repo": "crane",
        "rev": "9107434eda6991e9388ad87b815dafa337446d16",
        "type": "github"
      },
      "original": {
        "owner": "ipetkov",
        "repo": "crane",
        "type": "github"
      }
    },
    "crane_4": {
      "inputs": {
        "nixpkgs": [
          "p2p-shipyard",
          "holochain",
          "nixpkgs"
        ]
      },
      "locked": {
        "lastModified": 1707363936,
        "narHash": "sha256-QbqyvGFYt84QNOQLOOTWplZZkzkyDhYrAl/N/9H0vFM=",
        "owner": "ipetkov",
        "repo": "crane",
        "rev": "9107434eda6991e9388ad87b815dafa337446d16",
        "type": "github"
      },
      "original": {
        "owner": "ipetkov",
        "repo": "crane",
        "type": "github"
      }
    },
    "crate2nix": {
      "flake": false,
      "locked": {
        "lastModified": 1706909251,
        "narHash": "sha256-T7G9Uhh77P0kKri/u+Mwa/4YnXwdPsJSwYCiJCCW+fs=",
        "owner": "kolloch",
        "repo": "crate2nix",
        "rev": "15656bb6cb15f55ee3344bf4362e6489feb93db6",
        "type": "github"
      },
      "original": {
        "owner": "kolloch",
        "repo": "crate2nix",
        "type": "github"
      }
    },
    "crate2nix_2": {
      "flake": false,
      "locked": {
        "lastModified": 1706909251,
        "narHash": "sha256-T7G9Uhh77P0kKri/u+Mwa/4YnXwdPsJSwYCiJCCW+fs=",
        "owner": "kolloch",
        "repo": "crate2nix",
        "rev": "15656bb6cb15f55ee3344bf4362e6489feb93db6",
        "type": "github"
      },
      "original": {
        "owner": "kolloch",
        "repo": "crate2nix",
        "type": "github"
      }
    },
    "crate2nix_3": {
      "flake": false,
      "locked": {
        "lastModified": 1706909251,
        "narHash": "sha256-T7G9Uhh77P0kKri/u+Mwa/4YnXwdPsJSwYCiJCCW+fs=",
        "owner": "kolloch",
        "repo": "crate2nix",
        "rev": "15656bb6cb15f55ee3344bf4362e6489feb93db6",
        "type": "github"
      },
      "original": {
        "owner": "kolloch",
        "repo": "crate2nix",
        "type": "github"
      }
    },
    "devshell": {
      "inputs": {
        "flake-utils": "flake-utils_2",
        "nixpkgs": [
          "p2p-shipyard",
          "android-nixpkgs",
          "nixpkgs"
        ]
      },
      "locked": {
        "lastModified": 1711099426,
        "narHash": "sha256-HzpgM/wc3aqpnHJJ2oDqPBkNsqWbW0WfWUO8lKu8nGk=",
        "owner": "numtide",
        "repo": "devshell",
        "rev": "2d45b54ca4a183f2fdcf4b19c895b64fbf620ee8",
        "type": "github"
      },
      "original": {
        "owner": "numtide",
        "repo": "devshell",
        "type": "github"
      }
    },
    "empty": {
      "flake": false,
      "locked": {
        "lastModified": 1683792623,
        "narHash": "sha256-pQpattmS9VmO3ZIQUFn66az8GSmB4IvYhTTCFn6SUmo=",
        "owner": "steveej",
        "repo": "empty",
        "rev": "8e328e450e4cd32e072eba9e99fe92cf2a1ef5cf",
        "type": "github"
      },
      "original": {
        "owner": "steveej",
        "repo": "empty",
        "type": "github"
      }
    },
    "empty_2": {
      "flake": false,
      "locked": {
        "lastModified": 1683792623,
        "narHash": "sha256-pQpattmS9VmO3ZIQUFn66az8GSmB4IvYhTTCFn6SUmo=",
        "owner": "steveej",
        "repo": "empty",
        "rev": "8e328e450e4cd32e072eba9e99fe92cf2a1ef5cf",
        "type": "github"
      },
      "original": {
        "owner": "steveej",
        "repo": "empty",
        "type": "github"
      }
    },
    "empty_3": {
      "flake": false,
      "locked": {
        "lastModified": 1683792623,
        "narHash": "sha256-pQpattmS9VmO3ZIQUFn66az8GSmB4IvYhTTCFn6SUmo=",
        "owner": "steveej",
        "repo": "empty",
        "rev": "8e328e450e4cd32e072eba9e99fe92cf2a1ef5cf",
        "type": "github"
      },
      "original": {
        "owner": "steveej",
        "repo": "empty",
        "type": "github"
      }
    },
    "flake-compat": {
      "flake": false,
      "locked": {
        "lastModified": 1696426674,
        "narHash": "sha256-kvjfFW7WAETZlt09AgDn1MrtKzP7t90Vf7vypd3OL1U=",
        "owner": "edolstra",
        "repo": "flake-compat",
        "rev": "0f9255e01c2351cc7d116c072cb317785dd33b33",
        "type": "github"
      },
      "original": {
        "owner": "edolstra",
        "repo": "flake-compat",
        "type": "github"
      }
    },
    "flake-compat_2": {
      "flake": false,
      "locked": {
        "lastModified": 1696426674,
        "narHash": "sha256-kvjfFW7WAETZlt09AgDn1MrtKzP7t90Vf7vypd3OL1U=",
        "owner": "edolstra",
        "repo": "flake-compat",
        "rev": "0f9255e01c2351cc7d116c072cb317785dd33b33",
        "type": "github"
      },
      "original": {
        "owner": "edolstra",
        "repo": "flake-compat",
        "type": "github"
      }
    },
    "flake-compat_3": {
      "flake": false,
      "locked": {
        "lastModified": 1696426674,
        "narHash": "sha256-kvjfFW7WAETZlt09AgDn1MrtKzP7t90Vf7vypd3OL1U=",
        "owner": "edolstra",
        "repo": "flake-compat",
        "rev": "0f9255e01c2351cc7d116c072cb317785dd33b33",
        "type": "github"
      },
      "original": {
        "owner": "edolstra",
        "repo": "flake-compat",
        "type": "github"
      }
    },
    "flake-parts": {
      "inputs": {
        "nixpkgs-lib": "nixpkgs-lib"
      },
      "locked": {
        "lastModified": 1706830856,
        "narHash": "sha256-a0NYyp+h9hlb7ddVz4LUn1vT/PLwqfrWYcHMvFB1xYg=",
        "owner": "hercules-ci",
        "repo": "flake-parts",
        "rev": "b253292d9c0a5ead9bc98c4e9a26c6312e27d69f",
        "type": "github"
      },
      "original": {
        "id": "flake-parts",
        "type": "indirect"
      }
    },
    "flake-parts_2": {
      "inputs": {
        "nixpkgs-lib": "nixpkgs-lib_2"
      },
      "locked": {
        "lastModified": 1706830856,
        "narHash": "sha256-a0NYyp+h9hlb7ddVz4LUn1vT/PLwqfrWYcHMvFB1xYg=",
        "owner": "hercules-ci",
        "repo": "flake-parts",
        "rev": "b253292d9c0a5ead9bc98c4e9a26c6312e27d69f",
        "type": "github"
      },
      "original": {
        "id": "flake-parts",
        "type": "indirect"
      }
    },
    "flake-parts_3": {
      "inputs": {
        "nixpkgs-lib": "nixpkgs-lib_3"
      },
      "locked": {
        "lastModified": 1706830856,
        "narHash": "sha256-a0NYyp+h9hlb7ddVz4LUn1vT/PLwqfrWYcHMvFB1xYg=",
        "owner": "hercules-ci",
        "repo": "flake-parts",
        "rev": "b253292d9c0a5ead9bc98c4e9a26c6312e27d69f",
        "type": "github"
      },
      "original": {
        "id": "flake-parts",
        "type": "indirect"
      }
    },
    "flake-utils": {
      "inputs": {
        "systems": "systems"
      },
      "locked": {
        "lastModified": 1705309234,
        "narHash": "sha256-uNRRNRKmJyCRC/8y1RqBkqWBLM034y4qN7EprSdmgyA=",
        "owner": "numtide",
        "repo": "flake-utils",
        "rev": "1ef2e671c3b0c19053962c07dbda38332dcebf26",
        "type": "github"
      },
      "original": {
        "owner": "numtide",
        "repo": "flake-utils",
        "type": "github"
      }
    },
    "flake-utils_2": {
      "inputs": {
        "systems": "systems_2"
      },
      "locked": {
        "lastModified": 1701680307,
        "narHash": "sha256-kAuep2h5ajznlPMD9rnQyffWG8EM/C73lejGofXvdM8=",
        "owner": "numtide",
        "repo": "flake-utils",
        "rev": "4022d587cbbfd70fe950c1e2083a02621806a725",
        "type": "github"
      },
      "original": {
        "owner": "numtide",
        "repo": "flake-utils",
        "type": "github"
      }
    },
    "flake-utils_3": {
      "inputs": {
        "systems": "systems_3"
      },
      "locked": {
        "lastModified": 1710146030,
        "narHash": "sha256-SZ5L6eA7HJ/nmkzGG7/ISclqe6oZdOZTNoesiInkXPQ=",
        "owner": "numtide",
        "repo": "flake-utils",
        "rev": "b1d9ab70662946ef0850d488da1c9019f3a9752a",
        "type": "github"
      },
      "original": {
        "owner": "numtide",
        "repo": "flake-utils",
        "type": "github"
      }
    },
    "flake-utils_4": {
      "inputs": {
        "systems": "systems_4"
      },
      "locked": {
        "lastModified": 1705309234,
        "narHash": "sha256-uNRRNRKmJyCRC/8y1RqBkqWBLM034y4qN7EprSdmgyA=",
        "owner": "numtide",
        "repo": "flake-utils",
        "rev": "1ef2e671c3b0c19053962c07dbda38332dcebf26",
        "type": "github"
      },
      "original": {
        "owner": "numtide",
        "repo": "flake-utils",
        "type": "github"
      }
    },
    "flake-utils_5": {
      "inputs": {
        "systems": "systems_5"
      },
      "locked": {
        "lastModified": 1705309234,
        "narHash": "sha256-uNRRNRKmJyCRC/8y1RqBkqWBLM034y4qN7EprSdmgyA=",
        "owner": "numtide",
        "repo": "flake-utils",
        "rev": "1ef2e671c3b0c19053962c07dbda38332dcebf26",
        "type": "github"
      },
      "original": {
        "owner": "numtide",
        "repo": "flake-utils",
        "type": "github"
      }
    },
    "hc-infra": {
      "inputs": {
        "crane": "crane_2",
        "holochain": "holochain_2",
        "nixpkgs": [
          "p2p-shipyard",
          "hc-infra",
          "holochain",
          "nixpkgs"
        ],
        "rust-overlay": [
          "p2p-shipyard",
          "hc-infra",
          "holochain",
          "rust-overlay"
        ],
        "versions": "versions"
      },
      "locked": {
        "lastModified": 1717491240,
        "narHash": "sha256-+emULDT5xFSMOe3pVPsjEfhzKE8OBC8dhkVdeNGKgnY=",
        "owner": "holochain-open-dev",
        "repo": "infrastructure",
        "rev": "7dd78a6e29dc771949d2000327f4dfda6fbd5ecf",
        "type": "github"
      },
      "original": {
        "owner": "holochain-open-dev",
        "repo": "infrastructure",
        "type": "github"
      }
    },
    "holochain": {
      "flake": false,
      "locked": {
        "lastModified": 1717415946,
        "narHash": "sha256-Fjvmz9JKwwKzluJqax8dk3Y8gjnKW2ec2+rBwujK+nA=",
        "owner": "holochain",
        "repo": "holochain",
        "rev": "dc34e4e851f1a8e4bfa3a36ff1adf6c8a2c64e47",
        "type": "github"
      },
      "original": {
        "owner": "holochain",
        "ref": "holochain-0.3.1-rc.1",
        "repo": "holochain",
        "type": "github"
      }
    },
    "holochain-flake": {
      "inputs": {
        "cargo-chef": "cargo-chef",
        "cargo-rdme": "cargo-rdme",
        "crane": "crane",
        "crate2nix": "crate2nix",
        "empty": "empty",
        "flake-compat": "flake-compat",
        "flake-parts": "flake-parts",
        "holochain": [
          "holochain-flake",
          "empty"
        ],
        "lair": [
          "holochain-flake",
          "empty"
        ],
        "launcher": [
          "holochain-flake",
          "empty"
        ],
        "nix-filter": "nix-filter",
        "nixpkgs": "nixpkgs",
        "pre-commit-hooks-nix": "pre-commit-hooks-nix",
        "repo-git": "repo-git",
        "rust-overlay": "rust-overlay",
        "scaffolding": [
          "holochain-flake",
          "empty"
        ],
        "versions": [
          "holochain-nix-versions"
        ]
      },
      "locked": {
        "lastModified": 1717678003,
        "narHash": "sha256-TAyX8664paLJRZlXSjM/3n+7eyB+x4zu+LmywhWX62Q=",
        "owner": "holochain",
        "repo": "holochain",
        "rev": "a4fe9983eb46551424970b4f4d6d7ccccb35d7ac",
        "type": "github"
      },
      "original": {
        "owner": "holochain",
        "repo": "holochain",
        "type": "github"
      }
    },
    "holochain-nix-versions": {
      "inputs": {
        "holochain": "holochain",
        "lair": "lair",
        "launcher": "launcher",
        "scaffolding": "scaffolding"
      },
      "locked": {
        "dir": "versions/0_3_rc",
        "lastModified": 1717678003,
        "narHash": "sha256-TAyX8664paLJRZlXSjM/3n+7eyB+x4zu+LmywhWX62Q=",
        "owner": "holochain",
        "repo": "holochain",
        "rev": "a4fe9983eb46551424970b4f4d6d7ccccb35d7ac",
        "type": "github"
      },
      "original": {
        "dir": "versions/0_3_rc",
        "owner": "holochain",
        "repo": "holochain",
        "type": "github"
      }
    },
    "holochain_2": {
      "inputs": {
        "cargo-chef": "cargo-chef_2",
        "cargo-rdme": "cargo-rdme_2",
        "crane": "crane_3",
        "crate2nix": "crate2nix_2",
        "empty": "empty_2",
        "flake-compat": "flake-compat_2",
        "flake-parts": "flake-parts_2",
        "holochain": [
          "p2p-shipyard",
          "hc-infra",
          "holochain",
          "empty"
        ],
        "lair": [
          "p2p-shipyard",
          "hc-infra",
          "holochain",
          "empty"
        ],
        "launcher": [
          "p2p-shipyard",
          "hc-infra",
          "holochain",
          "empty"
        ],
        "nix-filter": "nix-filter_2",
        "nixpkgs": "nixpkgs_3",
        "pre-commit-hooks-nix": "pre-commit-hooks-nix_2",
        "repo-git": "repo-git_2",
        "rust-overlay": "rust-overlay_2",
        "scaffolding": [
          "p2p-shipyard",
          "hc-infra",
          "holochain",
          "empty"
        ],
        "versions": [
          "p2p-shipyard",
          "hc-infra",
          "versions"
        ]
      },
      "locked": {
        "lastModified": 1717482700,
        "narHash": "sha256-JxnEyQ/GkBmAIRa6C+QU8BfMLfZXga8HhsKuvMIcz0k=",
        "owner": "holochain",
        "repo": "holochain",
        "rev": "feff99c570ab9e9f73c627683e081a3fbcab5ef6",
        "type": "github"
      },
      "original": {
        "owner": "holochain",
        "repo": "holochain",
        "type": "github"
      }
    },
    "holochain_3": {
      "flake": false,
      "locked": {
        "lastModified": 1717415946,
        "narHash": "sha256-Fjvmz9JKwwKzluJqax8dk3Y8gjnKW2ec2+rBwujK+nA=",
        "owner": "holochain",
        "repo": "holochain",
        "rev": "dc34e4e851f1a8e4bfa3a36ff1adf6c8a2c64e47",
        "type": "github"
      },
      "original": {
        "owner": "holochain",
        "ref": "holochain-0.3.1-rc.1",
        "repo": "holochain",
        "type": "github"
      }
    },
    "holochain_4": {
      "inputs": {
        "cargo-chef": "cargo-chef_3",
        "cargo-rdme": "cargo-rdme_3",
        "crane": "crane_4",
        "crate2nix": "crate2nix_3",
        "empty": "empty_3",
        "flake-compat": "flake-compat_3",
        "flake-parts": "flake-parts_3",
        "holochain": [
          "p2p-shipyard",
          "holochain",
          "empty"
        ],
        "lair": [
          "p2p-shipyard",
          "holochain",
          "empty"
        ],
        "launcher": [
          "p2p-shipyard",
          "holochain",
          "empty"
        ],
        "nix-filter": "nix-filter_3",
        "nixpkgs": "nixpkgs_4",
        "pre-commit-hooks-nix": "pre-commit-hooks-nix_3",
        "repo-git": "repo-git_3",
        "rust-overlay": "rust-overlay_3",
        "scaffolding": [
          "p2p-shipyard",
          "holochain",
          "empty"
        ],
        "versions": [
          "p2p-shipyard",
          "versions"
        ]
      },
      "locked": {
        "lastModified": 1717482700,
        "narHash": "sha256-JxnEyQ/GkBmAIRa6C+QU8BfMLfZXga8HhsKuvMIcz0k=",
        "owner": "holochain",
        "repo": "holochain",
        "rev": "feff99c570ab9e9f73c627683e081a3fbcab5ef6",
        "type": "github"
      },
      "original": {
        "owner": "holochain",
        "repo": "holochain",
        "type": "github"
      }
    },
    "holochain_5": {
      "flake": false,
      "locked": {
        "lastModified": 1717415946,
        "narHash": "sha256-Fjvmz9JKwwKzluJqax8dk3Y8gjnKW2ec2+rBwujK+nA=",
        "owner": "holochain",
        "repo": "holochain",
        "rev": "dc34e4e851f1a8e4bfa3a36ff1adf6c8a2c64e47",
        "type": "github"
      },
      "original": {
        "owner": "holochain",
        "ref": "holochain-0.3.1-rc.1",
        "repo": "holochain",
        "type": "github"
      }
    },
    "lair": {
      "flake": false,
      "locked": {
        "lastModified": 1709335027,
        "narHash": "sha256-rKMhh7TLuR1lqze2YFWZCGYKZQoB4dZxjpX3sb7r7Jk=",
        "owner": "holochain",
        "repo": "lair",
        "rev": "826be915efc839d1d1b8a2156b158999b8de8d5b",
        "type": "github"
      },
      "original": {
        "owner": "holochain",
        "ref": "lair_keystore-v0.4.4",
        "repo": "lair",
        "type": "github"
      }
    },
    "lair_2": {
      "flake": false,
      "locked": {
        "lastModified": 1709335027,
        "narHash": "sha256-rKMhh7TLuR1lqze2YFWZCGYKZQoB4dZxjpX3sb7r7Jk=",
        "owner": "holochain",
        "repo": "lair",
        "rev": "826be915efc839d1d1b8a2156b158999b8de8d5b",
        "type": "github"
      },
      "original": {
        "owner": "holochain",
        "ref": "lair_keystore-v0.4.4",
        "repo": "lair",
        "type": "github"
      }
    },
    "lair_3": {
      "flake": false,
      "locked": {
        "lastModified": 1709335027,
        "narHash": "sha256-rKMhh7TLuR1lqze2YFWZCGYKZQoB4dZxjpX3sb7r7Jk=",
        "owner": "holochain",
        "repo": "lair",
        "rev": "826be915efc839d1d1b8a2156b158999b8de8d5b",
        "type": "github"
      },
      "original": {
        "owner": "holochain",
        "ref": "lair_keystore-v0.4.4",
        "repo": "lair",
        "type": "github"
      }
    },
    "launcher": {
      "flake": false,
      "locked": {
        "lastModified": 1717431387,
        "narHash": "sha256-+VvWwBmxcgePV1L6kU2mSkg3emMiMgpdQnCqvQJkRPk=",
        "owner": "holochain",
        "repo": "launcher",
        "rev": "9d9cab5e6b57e1c278113921ff203e515c8bbd2e",
        "type": "github"
      },
      "original": {
        "owner": "holochain",
        "ref": "holochain-0.3",
        "repo": "launcher",
        "type": "github"
      }
    },
    "launcher_2": {
      "flake": false,
      "locked": {
        "lastModified": 1717431387,
        "narHash": "sha256-+VvWwBmxcgePV1L6kU2mSkg3emMiMgpdQnCqvQJkRPk=",
        "owner": "holochain",
        "repo": "launcher",
        "rev": "9d9cab5e6b57e1c278113921ff203e515c8bbd2e",
        "type": "github"
      },
      "original": {
        "owner": "holochain",
        "ref": "holochain-0.3",
        "repo": "launcher",
        "type": "github"
      }
    },
    "launcher_3": {
      "flake": false,
      "locked": {
        "lastModified": 1717431387,
        "narHash": "sha256-+VvWwBmxcgePV1L6kU2mSkg3emMiMgpdQnCqvQJkRPk=",
        "owner": "holochain",
        "repo": "launcher",
        "rev": "9d9cab5e6b57e1c278113921ff203e515c8bbd2e",
        "type": "github"
      },
      "original": {
        "owner": "holochain",
        "ref": "holochain-0.3",
        "repo": "launcher",
        "type": "github"
      }
    },
    "nix-filter": {
      "locked": {
        "lastModified": 1705332318,
        "narHash": "sha256-kcw1yFeJe9N4PjQji9ZeX47jg0p9A0DuU4djKvg1a7I=",
        "owner": "numtide",
        "repo": "nix-filter",
        "rev": "3449dc925982ad46246cfc36469baf66e1b64f17",
        "type": "github"
      },
      "original": {
        "owner": "numtide",
        "repo": "nix-filter",
        "type": "github"
      }
    },
    "nix-filter_2": {
      "locked": {
        "lastModified": 1705332318,
        "narHash": "sha256-kcw1yFeJe9N4PjQji9ZeX47jg0p9A0DuU4djKvg1a7I=",
        "owner": "numtide",
        "repo": "nix-filter",
        "rev": "3449dc925982ad46246cfc36469baf66e1b64f17",
        "type": "github"
      },
      "original": {
        "owner": "numtide",
        "repo": "nix-filter",
        "type": "github"
      }
    },
    "nix-filter_3": {
      "locked": {
        "lastModified": 1705332318,
        "narHash": "sha256-kcw1yFeJe9N4PjQji9ZeX47jg0p9A0DuU4djKvg1a7I=",
        "owner": "numtide",
        "repo": "nix-filter",
        "rev": "3449dc925982ad46246cfc36469baf66e1b64f17",
        "type": "github"
      },
      "original": {
        "owner": "numtide",
        "repo": "nix-filter",
        "type": "github"
      }
    },
    "nixpkgs": {
      "locked": {
        "lastModified": 1716293225,
        "narHash": "sha256-pU9ViBVE3XYb70xZx+jK6SEVphvt7xMTbm6yDIF4xPs=",
        "owner": "NixOS",
        "repo": "nixpkgs",
        "rev": "3eaeaeb6b1e08a016380c279f8846e0bd8808916",
        "type": "github"
      },
      "original": {
        "id": "nixpkgs",
        "ref": "nixos-unstable",
        "type": "indirect"
      }
    },
    "nixpkgs-lib": {
      "locked": {
        "dir": "lib",
        "lastModified": 1706550542,
        "narHash": "sha256-UcsnCG6wx++23yeER4Hg18CXWbgNpqNXcHIo5/1Y+hc=",
        "owner": "NixOS",
        "repo": "nixpkgs",
        "rev": "97b17f32362e475016f942bbdfda4a4a72a8a652",
        "type": "github"
      },
      "original": {
        "dir": "lib",
        "owner": "NixOS",
        "ref": "nixos-unstable",
        "repo": "nixpkgs",
        "type": "github"
      }
    },
    "nixpkgs-lib_2": {
      "locked": {
        "dir": "lib",
        "lastModified": 1706550542,
        "narHash": "sha256-UcsnCG6wx++23yeER4Hg18CXWbgNpqNXcHIo5/1Y+hc=",
        "owner": "NixOS",
        "repo": "nixpkgs",
        "rev": "97b17f32362e475016f942bbdfda4a4a72a8a652",
        "type": "github"
      },
      "original": {
        "dir": "lib",
        "owner": "NixOS",
        "ref": "nixos-unstable",
        "repo": "nixpkgs",
        "type": "github"
      }
    },
    "nixpkgs-lib_3": {
      "locked": {
        "dir": "lib",
        "lastModified": 1706550542,
        "narHash": "sha256-UcsnCG6wx++23yeER4Hg18CXWbgNpqNXcHIo5/1Y+hc=",
        "owner": "NixOS",
        "repo": "nixpkgs",
        "rev": "97b17f32362e475016f942bbdfda4a4a72a8a652",
        "type": "github"
      },
      "original": {
        "dir": "lib",
        "owner": "NixOS",
        "ref": "nixos-unstable",
        "repo": "nixpkgs",
        "type": "github"
      }
    },
    "nixpkgs_2": {
      "locked": {
        "lastModified": 1714656196,
        "narHash": "sha256-kjQkA98lMcsom6Gbhw8SYzmwrSo+2nruiTcTZp5jK7o=",
        "owner": "NixOS",
        "repo": "nixpkgs",
        "rev": "94035b482d181af0a0f8f77823a790b256b7c3cc",
        "type": "github"
      },
      "original": {
        "owner": "NixOS",
        "ref": "nixpkgs-unstable",
        "repo": "nixpkgs",
        "type": "github"
      }
    },
    "nixpkgs_3": {
      "locked": {
        "lastModified": 1716293225,
        "narHash": "sha256-pU9ViBVE3XYb70xZx+jK6SEVphvt7xMTbm6yDIF4xPs=",
        "owner": "NixOS",
        "repo": "nixpkgs",
        "rev": "3eaeaeb6b1e08a016380c279f8846e0bd8808916",
        "type": "github"
      },
      "original": {
        "id": "nixpkgs",
        "ref": "nixos-unstable",
        "type": "indirect"
      }
    },
    "nixpkgs_4": {
      "locked": {
        "lastModified": 1716293225,
        "narHash": "sha256-pU9ViBVE3XYb70xZx+jK6SEVphvt7xMTbm6yDIF4xPs=",
        "owner": "NixOS",
        "repo": "nixpkgs",
        "rev": "3eaeaeb6b1e08a016380c279f8846e0bd8808916",
        "type": "github"
      },
      "original": {
        "id": "nixpkgs",
        "ref": "nixos-unstable",
        "type": "indirect"
      }
    },
    "p2p-shipyard": {
      "inputs": {
        "android-nixpkgs": "android-nixpkgs",
        "crane": [
          "p2p-shipyard",
          "hc-infra",
          "crane"
        ],
        "hc-infra": "hc-infra",
        "holochain": "holochain_4",
        "nixpkgs": [
          "p2p-shipyard",
          "holochain",
          "nixpkgs"
        ],
        "rust-overlay": [
          "p2p-shipyard",
          "holochain",
          "rust-overlay"
        ],
        "versions": "versions_2"
      },
      "locked": {
        "lastModified": 1717591459,
        "narHash": "sha256-hLPPHWpHGqs3oGljaqUnq2SJJU6ackGHZiREe5SrmqQ=",
        "owner": "darksoil-studio",
        "repo": "p2p-shipyard",
        "rev": "d46966deb4eab98fe2d79d85bb0ef33cabd20ad9",
        "type": "github"
      },
      "original": {
        "owner": "darksoil-studio",
        "repo": "p2p-shipyard",
        "type": "github"
      }
    },
    "pre-commit-hooks-nix": {
      "flake": false,
      "locked": {
        "lastModified": 1707297608,
        "narHash": "sha256-ADjo/5VySGlvtCW3qR+vdFF4xM9kJFlRDqcC9ZGI8EA=",
        "owner": "cachix",
        "repo": "pre-commit-hooks.nix",
        "rev": "0db2e67ee49910adfa13010e7f012149660af7f0",
        "type": "github"
      },
      "original": {
        "owner": "cachix",
        "repo": "pre-commit-hooks.nix",
        "type": "github"
      }
    },
    "pre-commit-hooks-nix_2": {
      "flake": false,
      "locked": {
        "lastModified": 1707297608,
        "narHash": "sha256-ADjo/5VySGlvtCW3qR+vdFF4xM9kJFlRDqcC9ZGI8EA=",
        "owner": "cachix",
        "repo": "pre-commit-hooks.nix",
        "rev": "0db2e67ee49910adfa13010e7f012149660af7f0",
        "type": "github"
      },
      "original": {
        "owner": "cachix",
        "repo": "pre-commit-hooks.nix",
        "type": "github"
      }
    },
    "pre-commit-hooks-nix_3": {
      "flake": false,
      "locked": {
        "lastModified": 1707297608,
        "narHash": "sha256-ADjo/5VySGlvtCW3qR+vdFF4xM9kJFlRDqcC9ZGI8EA=",
        "owner": "cachix",
        "repo": "pre-commit-hooks.nix",
        "rev": "0db2e67ee49910adfa13010e7f012149660af7f0",
        "type": "github"
      },
      "original": {
        "owner": "cachix",
        "repo": "pre-commit-hooks.nix",
        "type": "github"
      }
    },
    "repo-git": {
      "flake": false,
      "locked": {
        "narHash": "sha256-d6xi4mKdjkX2JFicDIv5niSzpyI0m/Hnm8GGAIU04kY=",
        "type": "file",
        "url": "file:/dev/null"
      },
      "original": {
        "type": "file",
        "url": "file:/dev/null"
      }
    },
    "repo-git_2": {
      "flake": false,
      "locked": {
        "narHash": "sha256-d6xi4mKdjkX2JFicDIv5niSzpyI0m/Hnm8GGAIU04kY=",
        "type": "file",
        "url": "file:/dev/null"
      },
      "original": {
        "type": "file",
        "url": "file:/dev/null"
      }
    },
    "repo-git_3": {
      "flake": false,
      "locked": {
        "narHash": "sha256-d6xi4mKdjkX2JFicDIv5niSzpyI0m/Hnm8GGAIU04kY=",
        "type": "file",
        "url": "file:/dev/null"
      },
      "original": {
        "type": "file",
        "url": "file:/dev/null"
      }
    },
    "root": {
      "inputs": {
        "flake-parts": [
          "holochain-flake",
          "flake-parts"
        ],
        "holochain-flake": "holochain-flake",
        "holochain-nix-versions": "holochain-nix-versions",
        "nixpkgs": [
          "holochain-flake",
          "nixpkgs"
        ],
        "p2p-shipyard": "p2p-shipyard"
      }
    },
    "rust-overlay": {
      "inputs": {
        "flake-utils": "flake-utils",
        "nixpkgs": [
          "holochain-flake",
          "nixpkgs"
        ]
      },
      "locked": {
        "lastModified": 1717553884,
        "narHash": "sha256-+t3XaYEvlMo5BUJ/6C6RZcEfBTWFVUdMHpNoqUU+pSE=",
        "owner": "oxalica",
        "repo": "rust-overlay",
        "rev": "8795c817dfab19243a33387a16c98d2df4075bb3",
        "type": "github"
      },
      "original": {
        "owner": "oxalica",
        "repo": "rust-overlay",
        "type": "github"
      }
    },
    "rust-overlay_2": {
      "inputs": {
        "flake-utils": "flake-utils_4",
        "nixpkgs": [
          "p2p-shipyard",
          "hc-infra",
          "holochain",
          "nixpkgs"
        ]
      },
      "locked": {
        "lastModified": 1717467480,
        "narHash": "sha256-9Fbar+ycxdfZ6HbwOCgD+jWG3du/12TFisKRQm4Zhfc=",
        "owner": "oxalica",
        "repo": "rust-overlay",
        "rev": "260ff391290a2b23958d04db0d3e7015c8417401",
        "type": "github"
      },
      "original": {
        "owner": "oxalica",
        "repo": "rust-overlay",
        "type": "github"
      }
    },
    "rust-overlay_3": {
      "inputs": {
        "flake-utils": "flake-utils_5",
        "nixpkgs": [
          "p2p-shipyard",
          "holochain",
          "nixpkgs"
        ]
      },
      "locked": {
        "lastModified": 1717467480,
        "narHash": "sha256-9Fbar+ycxdfZ6HbwOCgD+jWG3du/12TFisKRQm4Zhfc=",
        "owner": "oxalica",
        "repo": "rust-overlay",
        "rev": "260ff391290a2b23958d04db0d3e7015c8417401",
        "type": "github"
      },
      "original": {
        "owner": "oxalica",
        "repo": "rust-overlay",
        "type": "github"
      }
    },
    "scaffolding": {
      "flake": false,
      "locked": {
        "lastModified": 1717661456,
        "narHash": "sha256-e+9YRRFJg89rfHDWtumEa33rpa2vmij/zw7Uwl6BP/g=",
        "owner": "holochain",
        "repo": "scaffolding",
        "rev": "1ffc9eb350b82784a8fb609073f1c7eccf2e0fc0",
        "type": "github"
      },
      "original": {
        "owner": "holochain",
        "ref": "holochain-0.3",
        "repo": "scaffolding",
        "type": "github"
      }
    },
    "scaffolding_2": {
      "flake": false,
      "locked": {
        "lastModified": 1717435938,
        "narHash": "sha256-cF4TNX5gz8AvBsdbWanwMaLV4gXuobfpUTN5f9PIFNY=",
        "owner": "holochain",
        "repo": "scaffolding",
        "rev": "341d6a43fc357398a7361e58ad33df91f48177e6",
        "type": "github"
      },
      "original": {
        "owner": "holochain",
        "ref": "holochain-0.3",
        "repo": "scaffolding",
        "type": "github"
      }
    },
    "scaffolding_3": {
      "flake": false,
      "locked": {
        "lastModified": 1717435938,
        "narHash": "sha256-cF4TNX5gz8AvBsdbWanwMaLV4gXuobfpUTN5f9PIFNY=",
        "owner": "holochain",
        "repo": "scaffolding",
        "rev": "341d6a43fc357398a7361e58ad33df91f48177e6",
        "type": "github"
      },
      "original": {
        "owner": "holochain",
        "ref": "holochain-0.3",
        "repo": "scaffolding",
        "type": "github"
      }
    },
    "systems": {
      "locked": {
        "lastModified": 1681028828,
        "narHash": "sha256-Vy1rq5AaRuLzOxct8nz4T6wlgyUR7zLU309k9mBC768=",
        "owner": "nix-systems",
        "repo": "default",
        "rev": "da67096a3b9bf56a91d16901293e51ba5b49a27e",
        "type": "github"
      },
      "original": {
        "owner": "nix-systems",
        "repo": "default",
        "type": "github"
      }
    },
    "systems_2": {
      "locked": {
        "lastModified": 1681028828,
        "narHash": "sha256-Vy1rq5AaRuLzOxct8nz4T6wlgyUR7zLU309k9mBC768=",
        "owner": "nix-systems",
        "repo": "default",
        "rev": "da67096a3b9bf56a91d16901293e51ba5b49a27e",
        "type": "github"
      },
      "original": {
        "owner": "nix-systems",
        "repo": "default",
        "type": "github"
      }
    },
    "systems_3": {
      "locked": {
        "lastModified": 1681028828,
        "narHash": "sha256-Vy1rq5AaRuLzOxct8nz4T6wlgyUR7zLU309k9mBC768=",
        "owner": "nix-systems",
        "repo": "default",
        "rev": "da67096a3b9bf56a91d16901293e51ba5b49a27e",
        "type": "github"
      },
      "original": {
        "owner": "nix-systems",
        "repo": "default",
        "type": "github"
      }
    },
    "systems_4": {
      "locked": {
        "lastModified": 1681028828,
        "narHash": "sha256-Vy1rq5AaRuLzOxct8nz4T6wlgyUR7zLU309k9mBC768=",
        "owner": "nix-systems",
        "repo": "default",
        "rev": "da67096a3b9bf56a91d16901293e51ba5b49a27e",
        "type": "github"
      },
      "original": {
        "owner": "nix-systems",
        "repo": "default",
        "type": "github"
      }
    },
    "systems_5": {
      "locked": {
        "lastModified": 1681028828,
        "narHash": "sha256-Vy1rq5AaRuLzOxct8nz4T6wlgyUR7zLU309k9mBC768=",
        "owner": "nix-systems",
        "repo": "default",
        "rev": "da67096a3b9bf56a91d16901293e51ba5b49a27e",
        "type": "github"
      },
      "original": {
        "owner": "nix-systems",
        "repo": "default",
        "type": "github"
      }
    },
    "versions": {
      "inputs": {
        "holochain": "holochain_3",
        "lair": "lair_2",
        "launcher": "launcher_2",
        "scaffolding": "scaffolding_2"
      },
      "locked": {
        "dir": "versions/0_3_rc",
        "lastModified": 1717482700,
        "narHash": "sha256-JxnEyQ/GkBmAIRa6C+QU8BfMLfZXga8HhsKuvMIcz0k=",
        "owner": "holochain",
        "repo": "holochain",
        "rev": "feff99c570ab9e9f73c627683e081a3fbcab5ef6",
        "type": "github"
      },
      "original": {
        "dir": "versions/0_3_rc",
        "owner": "holochain",
        "repo": "holochain",
        "type": "github"
      }
    },
    "versions_2": {
      "inputs": {
        "holochain": "holochain_5",
        "lair": "lair_3",
        "launcher": "launcher_3",
        "scaffolding": "scaffolding_3"
      },
      "locked": {
        "dir": "versions/0_3_rc",
        "lastModified": 1717482700,
        "narHash": "sha256-JxnEyQ/GkBmAIRa6C+QU8BfMLfZXga8HhsKuvMIcz0k=",
        "owner": "holochain",
        "repo": "holochain",
        "rev": "feff99c570ab9e9f73c627683e081a3fbcab5ef6",
        "type": "github"
      },
      "original": {
        "dir": "versions/0_3_rc",
        "owner": "holochain",
        "repo": "holochain",
        "type": "github"
      }
    }
  },
  "root": "root",
  "version": 7
}
